
Microsoft Visual Studio Solution File, Format Version 12.00
# Visual Studio Version 16
VisualStudioVersion = 16.0.32126.315
MinimumVisualStudioVersion = 10.0.40219.1
Project("{FAE04EC0-301F-11D3-BF4B-00C04F79EFBC}") = "ExercicioClasse3", "ExercicioClasse3\ExercicioClasse3.csproj", "{E494E860-6C0D-455B-B982-26FFC4613CD0}"
EndProject
Global
	GlobalSection(SolutionConfigurationPlatforms) = preSolution
		Debug|Any CPU = Debug|Any CPU
		Release|Any CPU = Release|Any CPU
	EndGlobalSection
	GlobalSection(ProjectConfigurationPlatforms) = postSolution
		{E494E860-6C0D-455B-B982-26FFC4613CD0}.Debug|Any CPU.ActiveCfg = Debug|Any CPU
		{E494E860-6C0D-455B-B982-26FFC4613CD0}.Debug|Any CPU.Build.0 = Debug|Any CPU
		{E494E860-6C0D-455B-B982-26FFC4613CD0}.Release|Any CPU.ActiveCfg = Release|Any CPU
		{E494E860-6C0D-455B-B982-26FFC4613CD0}.Release|Any CPU.Build.0 = Release|Any CPU
	EndGlobalSection
	GlobalSection(SolutionProperties) = preSolution
		HideSolutionNode = FALSE
	EndGlobalSection
	GlobalSection(ExtensibilityGlobals) = postSolution
		SolutionGuid = {894B0154-23B8-4FB5-B287-0E78B1331AE6}
	EndGlobalSection
EndGlobal
