
Microsoft Visual Studio Solution File, Format Version 12.00
# Visual Studio Version 16
VisualStudioVersion = 16.0.32126.315
MinimumVisualStudioVersion = 10.0.40219.1
Project("{FAE04EC0-301F-11D3-BF4B-00C04F79EFBC}") = "AulaFor", "AulaFor\AulaFor.csproj", "{F27C23D3-558B-4E86-B9F7-D1A763B3CFB7}"
EndProject
Global
	GlobalSection(SolutionConfigurationPlatforms) = preSolution
		Debug|Any CPU = Debug|Any CPU
		Release|Any CPU = Release|Any CPU
	EndGlobalSection
	GlobalSection(ProjectConfigurationPlatforms) = postSolution
		{F27C23D3-558B-4E86-B9F7-D1A763B3CFB7}.Debug|Any CPU.ActiveCfg = Debug|Any CPU
		{F27C23D3-558B-4E86-B9F7-D1A763B3CFB7}.Debug|Any CPU.Build.0 = Debug|Any CPU
		{F27C23D3-558B-4E86-B9F7-D1A763B3CFB7}.Release|Any CPU.ActiveCfg = Release|Any CPU
		{F27C23D3-558B-4E86-B9F7-D1A763B3CFB7}.Release|Any CPU.Build.0 = Release|Any CPU
	EndGlobalSection
	GlobalSection(SolutionProperties) = preSolution
		HideSolutionNode = FALSE
	EndGlobalSection
	GlobalSection(ExtensibilityGlobals) = postSolution
		SolutionGuid = {90708DB2-9F70-4CAC-8AE4-21B550B52E7C}
	EndGlobalSection
EndGlobal
