
Microsoft Visual Studio Solution File, Format Version 12.00
# Visual Studio Version 17
VisualStudioVersion = 17.2.32630.192
MinimumVisualStudioVersion = 10.0.40219.1
Project("{FAE04EC0-301F-11D3-BF4B-00C04F79EFBC}") = "ExContracts", "ExContracts\ExContracts.csproj", "{520C740E-9A2E-4DEF-ACBA-2099941EB007}"
EndProject
Global
	GlobalSection(SolutionConfigurationPlatforms) = preSolution
		Debug|Any CPU = Debug|Any CPU
		Release|Any CPU = Release|Any CPU
	EndGlobalSection
	GlobalSection(ProjectConfigurationPlatforms) = postSolution
		{520C740E-9A2E-4DEF-ACBA-2099941EB007}.Debug|Any CPU.ActiveCfg = Debug|Any CPU
		{520C740E-9A2E-4DEF-ACBA-2099941EB007}.Debug|Any CPU.Build.0 = Debug|Any CPU
		{520C740E-9A2E-4DEF-ACBA-2099941EB007}.Release|Any CPU.ActiveCfg = Release|Any CPU
		{520C740E-9A2E-4DEF-ACBA-2099941EB007}.Release|Any CPU.Build.0 = Release|Any CPU
	EndGlobalSection
	GlobalSection(SolutionProperties) = preSolution
		HideSolutionNode = FALSE
	EndGlobalSection
	GlobalSection(ExtensibilityGlobals) = postSolution
		SolutionGuid = {2C74E321-A396-41EA-B3C0-FFE0CF3FD005}
	EndGlobalSection
EndGlobal
