
Microsoft Visual Studio Solution File, Format Version 12.00
# Visual Studio Version 17
VisualStudioVersion = 17.3.32811.315
MinimumVisualStudioVersion = 10.0.40219.1
Project("{FAE04EC0-301F-11D3-BF4B-00C04F79EFBC}") = "ProjetoPM", "ProjetoPM\ProjetoPM.csproj", "{2DA35C2E-9D42-43FA-B691-5DC6FC236925}"
EndProject
Global
	GlobalSection(SolutionConfigurationPlatforms) = preSolution
		Debug|Any CPU = Debug|Any CPU
		Release|Any CPU = Release|Any CPU
	EndGlobalSection
	GlobalSection(ProjectConfigurationPlatforms) = postSolution
		{2DA35C2E-9D42-43FA-B691-5DC6FC236925}.Debug|Any CPU.ActiveCfg = Debug|Any CPU
		{2DA35C2E-9D42-43FA-B691-5DC6FC236925}.Debug|Any CPU.Build.0 = Debug|Any CPU
		{2DA35C2E-9D42-43FA-B691-5DC6FC236925}.Release|Any CPU.ActiveCfg = Release|Any CPU
		{2DA35C2E-9D42-43FA-B691-5DC6FC236925}.Release|Any CPU.Build.0 = Release|Any CPU
	EndGlobalSection
	GlobalSection(SolutionProperties) = preSolution
		HideSolutionNode = FALSE
	EndGlobalSection
	GlobalSection(ExtensibilityGlobals) = postSolution
		SolutionGuid = {E8E6CA78-DA84-4063-97FE-FA004E94F86E}
	EndGlobalSection
EndGlobal
