
Microsoft Visual Studio Solution File, Format Version 12.00
# Visual Studio Version 17
VisualStudioVersion = 17.3.32811.315
MinimumVisualStudioVersion = 10.0.40219.1
Project("{FAE04EC0-301F-11D3-BF4B-00C04F79EFBC}") = "Course", "Course\Course.csproj", "{2C595F45-B3EF-40BD-B7BA-76547863217A}"
EndProject
Global
	GlobalSection(SolutionConfigurationPlatforms) = preSolution
		Debug|Any CPU = Debug|Any CPU
		Release|Any CPU = Release|Any CPU
	EndGlobalSection
	GlobalSection(ProjectConfigurationPlatforms) = postSolution
		{2C595F45-B3EF-40BD-B7BA-76547863217A}.Debug|Any CPU.ActiveCfg = Debug|Any CPU
		{2C595F45-B3EF-40BD-B7BA-76547863217A}.Debug|Any CPU.Build.0 = Debug|Any CPU
		{2C595F45-B3EF-40BD-B7BA-76547863217A}.Release|Any CPU.ActiveCfg = Release|Any CPU
		{2C595F45-B3EF-40BD-B7BA-76547863217A}.Release|Any CPU.Build.0 = Release|Any CPU
	EndGlobalSection
	GlobalSection(SolutionProperties) = preSolution
		HideSolutionNode = FALSE
	EndGlobalSection
	GlobalSection(ExtensibilityGlobals) = postSolution
		SolutionGuid = {CD230CB5-9FA0-4C2A-8A7B-AAA49AABEDB6}
	EndGlobalSection
EndGlobal
