
Microsoft Visual Studio Solution File, Format Version 12.00
# Visual Studio Version 17
VisualStudioVersion = 17.3.32811.315
MinimumVisualStudioVersion = 10.0.40219.1
Project("{FAE04EC0-301F-11D3-BF4B-00C04F79EFBC}") = "Course", "Course\Course.csproj", "{A218800B-A490-40EA-B663-56EEC1DDF6CA}"
EndProject
Global
	GlobalSection(SolutionConfigurationPlatforms) = preSolution
		Debug|Any CPU = Debug|Any CPU
		Release|Any CPU = Release|Any CPU
	EndGlobalSection
	GlobalSection(ProjectConfigurationPlatforms) = postSolution
		{A218800B-A490-40EA-B663-56EEC1DDF6CA}.Debug|Any CPU.ActiveCfg = Debug|Any CPU
		{A218800B-A490-40EA-B663-56EEC1DDF6CA}.Debug|Any CPU.Build.0 = Debug|Any CPU
		{A218800B-A490-40EA-B663-56EEC1DDF6CA}.Release|Any CPU.ActiveCfg = Release|Any CPU
		{A218800B-A490-40EA-B663-56EEC1DDF6CA}.Release|Any CPU.Build.0 = Release|Any CPU
	EndGlobalSection
	GlobalSection(SolutionProperties) = preSolution
		HideSolutionNode = FALSE
	EndGlobalSection
	GlobalSection(ExtensibilityGlobals) = postSolution
		SolutionGuid = {99E5D414-5F35-4A12-9BF8-55B46DA921DA}
	EndGlobalSection
EndGlobal
