
Microsoft Visual Studio Solution File, Format Version 12.00
# Visual Studio Version 16
VisualStudioVersion = 16.0.32126.315
MinimumVisualStudioVersion = 10.0.40219.1
Project("{FAE04EC0-301F-11D3-BF4B-00C04F79EFBC}") = "teste123", "teste123\teste123.csproj", "{8A2C0FE0-1782-4E07-8DFD-3EAB07990FE3}"
EndProject
Global
	GlobalSection(SolutionConfigurationPlatforms) = preSolution
		Debug|Any CPU = Debug|Any CPU
		Release|Any CPU = Release|Any CPU
	EndGlobalSection
	GlobalSection(ProjectConfigurationPlatforms) = postSolution
		{8A2C0FE0-1782-4E07-8DFD-3EAB07990FE3}.Debug|Any CPU.ActiveCfg = Debug|Any CPU
		{8A2C0FE0-1782-4E07-8DFD-3EAB07990FE3}.Debug|Any CPU.Build.0 = Debug|Any CPU
		{8A2C0FE0-1782-4E07-8DFD-3EAB07990FE3}.Release|Any CPU.ActiveCfg = Release|Any CPU
		{8A2C0FE0-1782-4E07-8DFD-3EAB07990FE3}.Release|Any CPU.Build.0 = Release|Any CPU
	EndGlobalSection
	GlobalSection(SolutionProperties) = preSolution
		HideSolutionNode = FALSE
	EndGlobalSection
	GlobalSection(ExtensibilityGlobals) = postSolution
		SolutionGuid = {EC1ABC38-7118-48EC-9A14-C1A92CDA1D64}
	EndGlobalSection
EndGlobal
