
Microsoft Visual Studio Solution File, Format Version 12.00
# Visual Studio Version 17
VisualStudioVersion = 17.3.32811.315
MinimumVisualStudioVersion = 10.0.40219.1
Project("{FAE04EC0-301F-11D3-BF4B-00C04F79EFBC}") = "CourseF", "CourseF\CourseF.csproj", "{4573EC0D-22F1-4651-BD50-C049695B2511}"
EndProject
Global
	GlobalSection(SolutionConfigurationPlatforms) = preSolution
		Debug|Any CPU = Debug|Any CPU
		Release|Any CPU = Release|Any CPU
	EndGlobalSection
	GlobalSection(ProjectConfigurationPlatforms) = postSolution
		{4573EC0D-22F1-4651-BD50-C049695B2511}.Debug|Any CPU.ActiveCfg = Debug|Any CPU
		{4573EC0D-22F1-4651-BD50-C049695B2511}.Debug|Any CPU.Build.0 = Debug|Any CPU
		{4573EC0D-22F1-4651-BD50-C049695B2511}.Release|Any CPU.ActiveCfg = Release|Any CPU
		{4573EC0D-22F1-4651-BD50-C049695B2511}.Release|Any CPU.Build.0 = Release|Any CPU
	EndGlobalSection
	GlobalSection(SolutionProperties) = preSolution
		HideSolutionNode = FALSE
	EndGlobalSection
	GlobalSection(ExtensibilityGlobals) = postSolution
		SolutionGuid = {35A0EF24-40CB-4B32-8DA5-DFD8A1797D91}
	EndGlobalSection
EndGlobal
